
Microsoft Visual Studio Solution File, Format Version 12.00
# Visual Studio Version 17
VisualStudioVersion = 17.10.35013.160
MinimumVisualStudioVersion = 10.0.40219.1
Project("{FAE04EC0-301F-11D3-BF4B-00C04F79EFBC}") = "WebAPI", "WebAPI\WebAPI.csproj", "{A85BDAA3-3FFD-4BF8-915A-ADFA23BB8153}"
EndProject
Project("{E53339B2-1760-4266-BCC7-CA923CBCF16C}") = "docker-compose", "docker-compose.dcproj", "{D5E4FDAD-1AB6-4648-912B-C46689E96FB0}"
EndProject
Global
	GlobalSection(SolutionConfigurationPlatforms) = preSolution
		Debug|Any CPU = Debug|Any CPU
		Release|Any CPU = Release|Any CPU
	EndGlobalSection
	GlobalSection(ProjectConfigurationPlatforms) = postSolution
		{A85BDAA3-3FFD-4BF8-915A-ADFA23BB8153}.Debug|Any CPU.ActiveCfg = Debug|Any CPU
		{A85BDAA3-3FFD-4BF8-915A-ADFA23BB8153}.Debug|Any CPU.Build.0 = Debug|Any CPU
		{A85BDAA3-3FFD-4BF8-915A-ADFA23BB8153}.Release|Any CPU.ActiveCfg = Release|Any CPU
		{A85BDAA3-3FFD-4BF8-915A-ADFA23BB8153}.Release|Any CPU.Build.0 = Release|Any CPU
		{D5E4FDAD-1AB6-4648-912B-C46689E96FB0}.Debug|Any CPU.ActiveCfg = Debug|Any CPU
		{D5E4FDAD-1AB6-4648-912B-C46689E96FB0}.Debug|Any CPU.Build.0 = Debug|Any CPU
		{D5E4FDAD-1AB6-4648-912B-C46689E96FB0}.Release|Any CPU.ActiveCfg = Release|Any CPU
		{D5E4FDAD-1AB6-4648-912B-C46689E96FB0}.Release|Any CPU.Build.0 = Release|Any CPU
	EndGlobalSection
	GlobalSection(SolutionProperties) = preSolution
		HideSolutionNode = FALSE
	EndGlobalSection
	GlobalSection(ExtensibilityGlobals) = postSolution
		SolutionGuid = {802B226A-71C6-4822-842C-C26815F02527}
	EndGlobalSection
EndGlobal
