
Microsoft Visual Studio Solution File, Format Version 12.00
# Visual Studio Version 17
VisualStudioVersion = 17.10.35013.160
MinimumVisualStudioVersion = 10.0.40219.1
Project("{9A19103F-16F7-4668-BE54-9A1E7A4F7556}") = "WebAPI", "WebAPI\WebAPI.csproj", "{A85BDAA3-3FFD-4BF8-915A-ADFA23BB8153}"
EndProject
Project("{9A19103F-16F7-4668-BE54-9A1E7A4F7556}") = "LoadBalancer", "LoadBalancer\LoadBalancer.csproj", "{9F966FCC-176B-4434-8FE3-8D7A2859CF68}"
EndProject
Project("{9A19103F-16F7-4668-BE54-9A1E7A4F7556}") = "Application", "Application\Application.csproj", "{9B7F10E8-0688-4D45-9793-D1D0F8853284}"
EndProject
Global
	GlobalSection(SolutionConfigurationPlatforms) = preSolution
		Debug|Any CPU = Debug|Any CPU
		Release|Any CPU = Release|Any CPU
	EndGlobalSection
	GlobalSection(ProjectConfigurationPlatforms) = postSolution
		{A85BDAA3-3FFD-4BF8-915A-ADFA23BB8153}.Debug|Any CPU.ActiveCfg = Debug|Any CPU
		{A85BDAA3-3FFD-4BF8-915A-ADFA23BB8153}.Debug|Any CPU.Build.0 = Debug|Any CPU
		{A85BDAA3-3FFD-4BF8-915A-ADFA23BB8153}.Release|Any CPU.ActiveCfg = Release|Any CPU
		{A85BDAA3-3FFD-4BF8-915A-ADFA23BB8153}.Release|Any CPU.Build.0 = Release|Any CPU
		{9F966FCC-176B-4434-8FE3-8D7A2859CF68}.Debug|Any CPU.ActiveCfg = Debug|Any CPU
		{9F966FCC-176B-4434-8FE3-8D7A2859CF68}.Debug|Any CPU.Build.0 = Debug|Any CPU
		{9F966FCC-176B-4434-8FE3-8D7A2859CF68}.Release|Any CPU.ActiveCfg = Release|Any CPU
		{9F966FCC-176B-4434-8FE3-8D7A2859CF68}.Release|Any CPU.Build.0 = Release|Any CPU
		{9B7F10E8-0688-4D45-9793-D1D0F8853284}.Debug|Any CPU.ActiveCfg = Debug|Any CPU
		{9B7F10E8-0688-4D45-9793-D1D0F8853284}.Debug|Any CPU.Build.0 = Debug|Any CPU
		{9B7F10E8-0688-4D45-9793-D1D0F8853284}.Release|Any CPU.ActiveCfg = Release|Any CPU
		{9B7F10E8-0688-4D45-9793-D1D0F8853284}.Release|Any CPU.Build.0 = Release|Any CPU
	EndGlobalSection
	GlobalSection(SolutionProperties) = preSolution
		HideSolutionNode = FALSE
	EndGlobalSection
	GlobalSection(ExtensibilityGlobals) = postSolution
		SolutionGuid = {802B226A-71C6-4822-842C-C26815F02527}
	EndGlobalSection
EndGlobal
